
Microsoft Visual Studio Solution File, Format Version 12.00
# Visual Studio Version 17
VisualStudioVersion = 17.14.36301.6
MinimumVisualStudioVersion = 10.0.40219.1
Project("{FAE04EC0-301F-11D3-BF4B-00C04F79EFBC}") = "Lab10", "Lab10.csproj", "{9DC8C5E3-9B3B-458B-B5C8-B4275C702DE2}"
EndProject
Project("{2150E333-8FDC-42A3-9474-1A3956D46DE8}") = "Solution Items", "Solution Items", "{8EC462FD-D22E-90A8-E5CE-7E832BA40C5D}"
EndProject
Global
	GlobalSection(SolutionConfigurationPlatforms) = preSolution
		Debug|Any CPU = Debug|Any CPU
		Release|Any CPU = Release|Any CPU
	EndGlobalSection
	GlobalSection(ProjectConfigurationPlatforms) = postSolution
		{9DC8C5E3-9B3B-458B-B5C8-B4275C702DE2}.Debug|Any CPU.ActiveCfg = Debug|Any CPU
		{9DC8C5E3-9B3B-458B-B5C8-B4275C702DE2}.Debug|Any CPU.Build.0 = Debug|Any CPU
		{9DC8C5E3-9B3B-458B-B5C8-B4275C702DE2}.Release|Any CPU.ActiveCfg = Release|Any CPU
		{9DC8C5E3-9B3B-458B-B5C8-B4275C702DE2}.Release|Any CPU.Build.0 = Release|Any CPU
	EndGlobalSection
	GlobalSection(SolutionProperties) = preSolution
		HideSolutionNode = FALSE
	EndGlobalSection
	GlobalSection(ExtensibilityGlobals) = postSolution
		SolutionGuid = {608110D5-B21D-42A1-A685-EE1286CC3144}
	EndGlobalSection
EndGlobal
